<?xml version="1.0" encoding="utf-8"?>
<Project ToolsVersion="4.0" xmlns="http://schemas.microsoft.com/developer/msbuild/2003">
  <ItemGroup>
    <Filter Include="Source Files">
      <UniqueIdentifier>{4FC737F1-C7A5-4376-A066-2A32D752A2FF}</UniqueIdentifier>
      <Extensions>cpp;c;cc;cxx;def;odl;idl;hpj;bat;asm;asmx</Extensions>
    </Filter>
    <Filter Include="Header Files">
      <UniqueIdentifier>{93995380-89BD-4b04-88EB-625FBE52EBFB}</UniqueIdentifier>
      <Extensions>h;hh;hpp;hxx;hm;inl;inc;xsd</Extensions>
    </Filter>
    <Filter Include="Resource Files">
      <UniqueIdentifier>{67DA6AB6-F800-4c08-8B7A-83BB121AAD01}</UniqueIdentifier>
      <Extensions>rc;ico;cur;bmp;dlg;rc2;rct;bin;rgs;gif;jpg;jpeg;jpe;resx;tiff;tif;png;wav;mfcribbon-ms</Extensions>
    </Filter>
    <Filter Include="Header Files\PlayerShip">
      <UniqueIdentifier>{66250581-e45b-4dc9-bd5c-5ed25df87360}</UniqueIdentifier>
    </Filter>
    <Filter Include="Source Files\PlayerShip">
      <UniqueIdentifier>{5e7fd692-c8d2-4fa9-a733-58dd3c8e3fb6}</UniqueIdentifier>
    </Filter>
    <Filter Include="Header Files\EnemyShips">
      <UniqueIdentifier>{4fa3bf2b-5c81-4088-8154-f514baf0d542}</UniqueIdentifier>
    </Filter>
    <Filter Include="Source Files\EnemyShips">
      <UniqueIdentifier>{c69c133a-2bbe-4d68-ab65-4e65bc09c97c}</UniqueIdentifier>
    </Filter>
    <Filter Include="Header Files\BaseClasses">
      <UniqueIdentifier>{b7d87cb7-9ed3-4f3a-a32e-64945f36192c}</UniqueIdentifier>
    </Filter>
    <Filter Include="Source Files\BaseClasses">
      <UniqueIdentifier>{f852081d-a23e-47ec-8088-f75a7ee21692}</UniqueIdentifier>
    </Filter>
    <Filter Include="Source Files\Engine">
      <UniqueIdentifier>{20c8a84b-cee4-4cfc-be3f-3b418c1ac444}</UniqueIdentifier>
    </Filter>
    <Filter Include="Header Files\Engine">
      <UniqueIdentifier>{7e6093ea-bc2b-41a2-a23a-5cf98d7e3e25}</UniqueIdentifier>
    </Filter>
    <Filter Include="Header Files\Backgrounds">
      <UniqueIdentifier>{e2a00f17-06f3-4a25-aabb-beac1787c4ff}</UniqueIdentifier>
    </Filter>
    <Filter Include="Source Files\Backgrounds">
      <UniqueIdentifier>{5fe34bbf-a561-430c-8aa6-4bc6fbff7eaf}</UniqueIdentifier>
    </Filter>
    <Filter Include="Source Files\Backgrounds\levels">
      <UniqueIdentifier>{e57a88ac-c0b4-45af-8d5c-623ecb07332f}</UniqueIdentifier>
    </Filter>
    <Filter Include="Header Files\MenuItems">
      <UniqueIdentifier>{7a3b6f40-549b-4aa0-b14a-4ecce25e0eee}</UniqueIdentifier>
    </Filter>
    <Filter Include="Source Files\MenuItems">
      <UniqueIdentifier>{472b628f-7c46-4a28-9503-08c27fd2e478}</UniqueIdentifier>
    </Filter>
  </ItemGroup>
  <ItemGroup>
    <ClCompile Include="Source\GameObjects\Bullet.cpp">
      <Filter>Source Files\PlayerShip</Filter>
    </ClCompile>
    <ClCompile Include="Source\GameObjects\WeaponSystem.cpp">
      <Filter>Source Files\PlayerShip</Filter>
    </ClCompile>
    <ClCompile Include="Source\GameObjects\PlayerShip.cpp">
      <Filter>Source Files\PlayerShip</Filter>
    </ClCompile>
    <ClCompile Include="Source\GameObjects\LaserSystem.cpp">
      <Filter>Source Files\PlayerShip</Filter>
    </ClCompile>
    <ClCompile Include="Source\GameObjects\LaserBolt.cpp">
      <Filter>Source Files\PlayerShip</Filter>
    </ClCompile>
    <ClCompile Include="Source\GameObjects\EnemyShip.cpp">
      <Filter>Source Files\EnemyShips</Filter>
    </ClCompile>
    <ClCompile Include="Source\GameObjects\Graphics\FontSet.cpp">
      <Filter>Source Files\BaseClasses</Filter>
    </ClCompile>
    <ClCompile Include="Source\GameObjects\Graphics\Sprite.cpp">
      <Filter>Source Files\BaseClasses</Filter>
    </ClCompile>
    <ClCompile Include="Source\GameObjects\EnemyBullet.cpp">
      <Filter>Source Files\EnemyShips</Filter>
    </ClCompile>
    <ClCompile Include="Source\Managers\GameManager.cpp">
      <Filter>Source Files</Filter>
    </ClCompile>
    <ClCompile Include="Source\Managers\LevelManager.cpp">
      <Filter>Source Files</Filter>
    </ClCompile>
    <ClCompile Include="Source\Engine\GameEngine.cpp">
      <Filter>Source Files\Engine</Filter>
    </ClCompile>
    <ClCompile Include="Source\Engine\main.cpp">
      <Filter>Source Files\Engine</Filter>
    </ClCompile>
    <ClCompile Include="Source\Engine\GraphicsEngine.cpp">
      <Filter>Source Files\Engine</Filter>
    </ClCompile>
    <ClCompile Include="Source\Engine\Input.cpp">
      <Filter>Source Files\Engine</Filter>
    </ClCompile>
    <ClCompile Include="Source\GameObjects\GUIObjects\TextLabel.cpp">
      <Filter>Source Files\MenuItems</Filter>
    </ClCompile>
    <ClCompile Include="Source\Managers\MenuManager.cpp">
      <Filter>Source Files</Filter>
    </ClCompile>
    <ClCompile Include="Source\Managers\WaveManager.cpp">
      <Filter>Source Files</Filter>
    </ClCompile>
    <ClCompile Include="Source\GameObjects\RearAttackShip.cpp">
      <Filter>Source Files\EnemyShips</Filter>
    </ClCompile>
    <ClCompile Include="Source\GameObjects\Turret.cpp">
      <Filter>Source Files\PlayerShip</Filter>
    </ClCompile>
    <ClCompile Include="Source\GameObjects\SunBullet.cpp">
      <Filter>Source Files\PlayerShip</Filter>
    </ClCompile>
    <ClCompile Include="Source\GameObjects\GUIObjects\Dialog.cpp">
      <Filter>Source Files\MenuItems</Filter>
    </ClCompile>
    <ClCompile Include="Source\GameObjects\StarEnemyShip.cpp">
      <Filter>Source Files\EnemyShips</Filter>
    </ClCompile>
    <ClCompile Include="Source\GameObjects\Graphics\BackgroundLayer.cpp">
      <Filter>Source Files\Backgrounds</Filter>
    </ClCompile>
    <ClCompile Include="Source\Managers\BackgroundManager.cpp">
      <Filter>Source Files\Backgrounds</Filter>
    </ClCompile>
    <ClCompile Include="Source\GameObjects\Graphics\Background.cpp">
      <Filter>Source Files\Backgrounds</Filter>
    </ClCompile>
    <ClCompile Include="Source\GameObjects\GUIObjects\ListBox.cpp">
      <Filter>Source Files\MenuItems</Filter>
    </ClCompile>
    <ClCompile Include="Source\GameObjects\GUIObjects\ComboBox.cpp">
      <Filter>Source Files\MenuItems</Filter>
    </ClCompile>
    <ClCompile Include="Source\GameObjects\GUIObjects\ImageButton.cpp">
      <Filter>Source Files\MenuItems</Filter>
    </ClCompile>
    <ClCompile Include="Source\Managers\RearAttackWave.cpp">
      <Filter>Source Files\EnemyShips</Filter>
    </ClCompile>
    <ClCompile Include="Source\Managers\StarEnemyShipWave.cpp">
      <Filter>Source Files\EnemyShips</Filter>
    </ClCompile>
    <ClCompile Include="Source\Managers\Wave.cpp">
      <Filter>Source Files\EnemyShips</Filter>
    </ClCompile>
    <ClCompile Include="Source\GameObjects\GUIObjects\MouseController.cpp">
      <Filter>Source Files\Engine</Filter>
    </ClCompile>
    <ClCompile Include="Source\GameObjects\GUIObjects\TextButton.cpp">
      <Filter>Source Files\MenuItems</Filter>
    </ClCompile>
    <ClCompile Include="Source\GameObjects\GUIObjects\Button.cpp">
      <Filter>Source Files\MenuItems</Filter>
    </ClCompile>
  </ItemGroup>
  <ItemGroup>
    <ClInclude Include="Source\globals.h">
      <Filter>Header Files</Filter>
    </ClInclude>
    <ClInclude Include="Source\GameObjects\LaserBolt.h">
      <Filter>Header Files\PlayerShip</Filter>
    </ClInclude>
    <ClInclude Include="Source\GameObjects\LaserSystem.h">
      <Filter>Header Files\PlayerShip</Filter>
    </ClInclude>
    <ClInclude Include="Source\GameObjects\PlayerShip.h">
      <Filter>Header Files\PlayerShip</Filter>
    </ClInclude>
    <ClInclude Include="Source\GameObjects\WeaponSystem.h">
      <Filter>Header Files\PlayerShip</Filter>
    </ClInclude>
    <ClInclude Include="Source\GameObjects\Bullet.h">
      <Filter>Header Files\PlayerShip</Filter>
    </ClInclude>
    <ClInclude Include="Source\GameObjects\EnemyShip.h">
      <Filter>Header Files\EnemyShips</Filter>
    </ClInclude>
    <ClInclude Include="Source\GameObjects\Graphics\FontSet.h">
      <Filter>Header Files\BaseClasses</Filter>
    </ClInclude>
    <ClInclude Include="Source\GameObjects\Graphics\IElement2D.h">
      <Filter>Header Files\BaseClasses</Filter>
    </ClInclude>
    <ClInclude Include="Source\GameObjects\Graphics\Sprite.h">
      <Filter>Header Files\BaseClasses</Filter>
    </ClInclude>
    <ClInclude Include="Source\GameObjects\EnemyBullet.h">
      <Filter>Header Files\EnemyShips</Filter>
    </ClInclude>
    <ClInclude Include="Source\Managers\GameManager.h">
      <Filter>Header Files</Filter>
    </ClInclude>
    <ClInclude Include="Source\Managers\LevelManager.h">
      <Filter>Header Files</Filter>
    </ClInclude>
    <ClInclude Include="Source\Engine\GameEngine.h">
      <Filter>Header Files\Engine</Filter>
    </ClInclude>
    <ClInclude Include="Source\Engine\GraphicsEngine.h">
      <Filter>Header Files\Engine</Filter>
    </ClInclude>
    <ClInclude Include="Source\Engine\Input.h">
      <Filter>Header Files\Engine</Filter>
    </ClInclude>
    <ClInclude Include="Source\GameObjects\GUIObjects\TextLabel.h">
      <Filter>Header Files\MenuItems</Filter>
    </ClInclude>
    <ClInclude Include="Source\Managers\Screen.h">
      <Filter>Header Files\BaseClasses</Filter>
    </ClInclude>
    <ClInclude Include="Source\Managers\MenuManager.h">
      <Filter>Header Files</Filter>
    </ClInclude>
    <ClInclude Include="Source\Managers\WaveManager.h">
      <Filter>Header Files</Filter>
    </ClInclude>
    <ClInclude Include="Source\GameObjects\RearAttackShip.h">
      <Filter>Header Files\EnemyShips</Filter>
    </ClInclude>
    <ClInclude Include="Source\GameObjects\Turret.h">
      <Filter>Header Files\PlayerShip</Filter>
    </ClInclude>
    <ClInclude Include="Source\GameObjects\SunBullet.h">
      <Filter>Header Files\PlayerShip</Filter>
    </ClInclude>
    <ClInclude Include="Source\GameObjects\GUIObjects\Dialog.h">
      <Filter>Header Files\MenuItems</Filter>
    </ClInclude>
    <ClInclude Include="Source\assets.h">
      <Filter>Header Files</Filter>
    </ClInclude>
    <ClInclude Include="Source\GameObjects\StarEnemyShip.h">
      <Filter>Header Files\EnemyShips</Filter>
    </ClInclude>
    <ClInclude Include="Source\GameObjects\Graphics\BackgroundLayer.h">
      <Filter>Header Files\Backgrounds</Filter>
    </ClInclude>
    <ClInclude Include="Source\Managers\BackgroundManager.h">
      <Filter>Header Files\Backgrounds</Filter>
    </ClInclude>
    <ClInclude Include="Source\GameObjects\Graphics\Background.h">
      <Filter>Header Files\Backgrounds</Filter>
    </ClInclude>
    <ClInclude Include="Source\GameObjects\GUIObjects\ListBox.h">
      <Filter>Header Files\MenuItems</Filter>
    </ClInclude>
    <ClInclude Include="Source\GameObjects\GUIObjects\ComboBox.h">
      <Filter>Header Files\MenuItems</Filter>
    </ClInclude>
    <ClInclude Include="Source\GameObjects\GUIObjects\ImageButton.h">
      <Filter>Header Files\MenuItems</Filter>
    </ClInclude>
    <ClInclude Include="Source\Managers\RearAttackWave.h">
      <Filter>Header Files\EnemyShips</Filter>
    </ClInclude>
    <ClInclude Include="Source\Managers\StarEnemyShipWave.h">
      <Filter>Header Files\EnemyShips</Filter>
    </ClInclude>
    <ClInclude Include="Source\Managers\Wave.h">
      <Filter>Header Files\EnemyShips</Filter>
    </ClInclude>
    <ClInclude Include="Source\GameObjects\GUIObjects\MouseController.h">
      <Filter>Header Files\Engine</Filter>
    </ClInclude>
    <ClInclude Include="Source\GameObjects\GUIObjects\TextButton.h">
      <Filter>Header Files\MenuItems</Filter>
    </ClInclude>
    <ClInclude Include="Source\GameObjects\GUIObjects\Button.h">
      <Filter>Header Files\MenuItems</Filter>
    </ClInclude>
  </ItemGroup>
  <ItemGroup>
    <None Include="packages.config" />
  </ItemGroup>
  <ItemGroup>
    <Xml Include="assets\bg\mako.xml">
      <Filter>Source Files\Backgrounds\levels</Filter>
    </Xml>
  </ItemGroup>
</Project>